// !$*UTF8*$!
{
	archiveVersion = 1;
	classes = {
	};
	objectVersion = 56;
	objects = {

/* Begin PBXBuildFile section */
		A3AC41014F29ACB5448411E3 /* Pods_StockApp.framework in Frameworks */ = {isa = PBXBuildFile; fileRef = 299C3E13E571C55FBD3B1C85 /* Pods_StockApp.framework */; };
		FA6E74F92AE476140012B2EE /* AppDelegate.swift in Sources */ = {isa = PBXBuildFile; fileRef = FA6E74F82AE476140012B2EE /* AppDelegate.swift */; };
		FA6E74FB2AE476140012B2EE /* SceneDelegate.swift in Sources */ = {isa = PBXBuildFile; fileRef = FA6E74FA2AE476140012B2EE /* SceneDelegate.swift */; };
		FA6E74FD2AE476140012B2EE /* ViewController.swift in Sources */ = {isa = PBXBuildFile; fileRef = FA6E74FC2AE476140012B2EE /* ViewController.swift */; };
		FA6E75002AE476140012B2EE /* Main.storyboard in Resources */ = {isa = PBXBuildFile; fileRef = FA6E74FE2AE476140012B2EE /* Main.storyboard */; };
		FA6E75022AE476160012B2EE /* Assets.xcassets in Resources */ = {isa = PBXBuildFile; fileRef = FA6E75012AE476160012B2EE /* Assets.xcassets */; };
		FA6E75052AE476160012B2EE /* LaunchScreen.storyboard in Resources */ = {isa = PBXBuildFile; fileRef = FA6E75032AE476160012B2EE /* LaunchScreen.storyboard */; };
		FA6E750D2AE48D6E0012B2EE /* AddStockViewController.swift in Sources */ = {isa = PBXBuildFile; fileRef = FA6E750C2AE48D6E0012B2EE /* AddStockViewController.swift */; };
		FA6E75102AE493580012B2EE /* Constants.swift in Sources */ = {isa = PBXBuildFile; fileRef = FA6E750F2AE493580012B2EE /* Constants.swift */; };
		FA8AA1BD2AEDB6130067278E /* StockClass.swift in Sources */ = {isa = PBXBuildFile; fileRef = FA8AA1BC2AEDB6130067278E /* StockClass.swift */; };
		FA8AA1C12AEDCE690067278E /* StockAppNetworking.swift in Sources */ = {isa = PBXBuildFile; fileRef = FA8AA1C02AEDCE690067278E /* StockAppNetworking.swift */; };
		FA8AA1C32AEDD4C50067278E /* StockQuoteShort.swift in Sources */ = {isa = PBXBuildFile; fileRef = FA8AA1C22AEDD4C50067278E /* StockQuoteShort.swift */; };
/* End PBXBuildFile section */

/* Begin PBXFileReference section */
		1966B4DD1A9D0A7F5316B150 /* Pods-StockApp.release.xcconfig */ = {isa = PBXFileReference; includeInIndex = 1; lastKnownFileType = text.xcconfig; name = "Pods-StockApp.release.xcconfig"; path = "Target Support Files/Pods-StockApp/Pods-StockApp.release.xcconfig"; sourceTree = "<group>"; };
		299C3E13E571C55FBD3B1C85 /* Pods_StockApp.framework */ = {isa = PBXFileReference; explicitFileType = wrapper.framework; includeInIndex = 0; path = Pods_StockApp.framework; sourceTree = BUILT_PRODUCTS_DIR; };
		5016C830AF90238FF9A0B833 /* Pods-StockApp.debug.xcconfig */ = {isa = PBXFileReference; includeInIndex = 1; lastKnownFileType = text.xcconfig; name = "Pods-StockApp.debug.xcconfig"; path = "Target Support Files/Pods-StockApp/Pods-StockApp.debug.xcconfig"; sourceTree = "<group>"; };
		FA6E74F52AE476140012B2EE /* StockApp.app */ = {isa = PBXFileReference; explicitFileType = wrapper.application; includeInIndex = 0; path = StockApp.app; sourceTree = BUILT_PRODUCTS_DIR; };
		FA6E74F82AE476140012B2EE /* AppDelegate.swift */ = {isa = PBXFileReference; lastKnownFileType = sourcecode.swift; path = AppDelegate.swift; sourceTree = "<group>"; };
		FA6E74FA2AE476140012B2EE /* SceneDelegate.swift */ = {isa = PBXFileReference; lastKnownFileType = sourcecode.swift; path = SceneDelegate.swift; sourceTree = "<group>"; };
		FA6E74FC2AE476140012B2EE /* ViewController.swift */ = {isa = PBXFileReference; lastKnownFileType = sourcecode.swift; path = ViewController.swift; sourceTree = "<group>"; };
		FA6E74FF2AE476140012B2EE /* Base */ = {isa = PBXFileReference; lastKnownFileType = file.storyboard; name = Base; path = Base.lproj/Main.storyboard; sourceTree = "<group>"; };
		FA6E75012AE476160012B2EE /* Assets.xcassets */ = {isa = PBXFileReference; lastKnownFileType = folder.assetcatalog; path = Assets.xcassets; sourceTree = "<group>"; };
		FA6E75042AE476160012B2EE /* Base */ = {isa = PBXFileReference; lastKnownFileType = file.storyboard; name = Base; path = Base.lproj/LaunchScreen.storyboard; sourceTree = "<group>"; };
		FA6E75062AE476160012B2EE /* Info.plist */ = {isa = PBXFileReference; lastKnownFileType = text.plist.xml; path = Info.plist; sourceTree = "<group>"; };
		FA6E750C2AE48D6E0012B2EE /* AddStockViewController.swift */ = {isa = PBXFileReference; lastKnownFileType = sourcecode.swift; path = AddStockViewController.swift; sourceTree = "<group>"; };
		FA6E750F2AE493580012B2EE /* Constants.swift */ = {isa = PBXFileReference; lastKnownFileType = sourcecode.swift; path = Constants.swift; sourceTree = "<group>"; };
		FA8AA1BC2AEDB6130067278E /* StockClass.swift */ = {isa = PBXFileReference; lastKnownFileType = sourcecode.swift; path = StockClass.swift; sourceTree = "<group>"; };
		FA8AA1C02AEDCE690067278E /* StockAppNetworking.swift */ = {isa = PBXFileReference; lastKnownFileType = sourcecode.swift; path = StockAppNetworking.swift; sourceTree = "<group>"; };
		FA8AA1C22AEDD4C50067278E /* StockQuoteShort.swift */ = {isa = PBXFileReference; lastKnownFileType = sourcecode.swift; path = StockQuoteShort.swift; sourceTree = "<group>"; };
/* End PBXFileReference section */

/* Begin PBXFrameworksBuildPhase section */
		FA6E74F22AE476140012B2EE /* Frameworks */ = {
			isa = PBXFrameworksBuildPhase;
			buildActionMask = 2147483647;
			files = (
				A3AC41014F29ACB5448411E3 /* Pods_StockApp.framework in Frameworks */,
			);
			runOnlyForDeploymentPostprocessing = 0;
		};
/* End PBXFrameworksBuildPhase section */

/* Begin PBXGroup section */
		2DF4132B6D214F2EF111E4A3 /* Pods */ = {
			isa = PBXGroup;
			children = (
				5016C830AF90238FF9A0B833 /* Pods-StockApp.debug.xcconfig */,
				1966B4DD1A9D0A7F5316B150 /* Pods-StockApp.release.xcconfig */,
			);
			path = Pods;
			sourceTree = "<group>";
		};
		693C27109B23AA9ADBF9A0D3 /* Frameworks */ = {
			isa = PBXGroup;
			children = (
				299C3E13E571C55FBD3B1C85 /* Pods_StockApp.framework */,
			);
			name = Frameworks;
			sourceTree = "<group>";
		};
		FA6E74EC2AE476140012B2EE = {
			isa = PBXGroup;
			children = (
				FA6E74F72AE476140012B2EE /* StockApp */,
				FA6E74F62AE476140012B2EE /* Products */,
				2DF4132B6D214F2EF111E4A3 /* Pods */,
				693C27109B23AA9ADBF9A0D3 /* Frameworks */,
			);
			sourceTree = "<group>";
		};
		FA6E74F62AE476140012B2EE /* Products */ = {
			isa = PBXGroup;
			children = (
				FA6E74F52AE476140012B2EE /* StockApp.app */,
			);
			name = Products;
			sourceTree = "<group>";
		};
		FA6E74F72AE476140012B2EE /* StockApp */ = {
			isa = PBXGroup;
			children = (
				FA8AA1BF2AEDCC760067278E /* Controller */,
				FA8AA1BE2AEDCC6F0067278E /* Model */,
				FA6E750E2AE493300012B2EE /* Utils */,
				FA6E74F82AE476140012B2EE /* AppDelegate.swift */,
				FA6E74FA2AE476140012B2EE /* SceneDelegate.swift */,
				FA6E74FC2AE476140012B2EE /* ViewController.swift */,
				FA6E74FE2AE476140012B2EE /* Main.storyboard */,
				FA6E75012AE476160012B2EE /* Assets.xcassets */,
				FA6E75032AE476160012B2EE /* LaunchScreen.storyboard */,
				FA6E75062AE476160012B2EE /* Info.plist */,
				FA6E750C2AE48D6E0012B2EE /* AddStockViewController.swift */,
				FA8AA1BC2AEDB6130067278E /* StockClass.swift */,
			);
			path = StockApp;
			sourceTree = "<group>";
		};
		FA6E750E2AE493300012B2EE /* Utils */ = {
			isa = PBXGroup;
			children = (
				FA6E750F2AE493580012B2EE /* Constants.swift */,
			);
			path = Utils;
			sourceTree = "<group>";
		};
		FA8AA1BE2AEDCC6F0067278E /* Model */ = {
			isa = PBXGroup;
			children = (
				FA8AA1C22AEDD4C50067278E /* StockQuoteShort.swift */,
			);
			path = Model;
			sourceTree = "<group>";
		};
		FA8AA1BF2AEDCC760067278E /* Controller */ = {
			isa = PBXGroup;
			children = (
				FA8AA1C02AEDCE690067278E /* StockAppNetworking.swift */,
			);
			path = Controller;
			sourceTree = "<group>";
		};
/* End PBXGroup section */

/* Begin PBXNativeTarget section */
		FA6E74F42AE476140012B2EE /* StockApp */ = {
			isa = PBXNativeTarget;
			buildConfigurationList = FA6E75092AE476160012B2EE /* Build configuration list for PBXNativeTarget "StockApp" */;
			buildPhases = (
				380E02867333838E6D0261E6 /* [CP] Check Pods Manifest.lock */,
				FA6E74F12AE476140012B2EE /* Sources */,
				FA6E74F22AE476140012B2EE /* Frameworks */,
				FA6E74F32AE476140012B2EE /* Resources */,
				ECD4C5C670BBC3D0C08DDB16 /* [CP] Embed Pods Frameworks */,
			);
			buildRules = (
			);
			dependencies = (
			);
			name = StockApp;
			productName = StockApp;
			productReference = FA6E74F52AE476140012B2EE /* StockApp.app */;
			productType = "com.apple.product-type.application";
		};
/* End PBXNativeTarget section */

/* Begin PBXProject section */
		FA6E74ED2AE476140012B2EE /* Project object */ = {
			isa = PBXProject;
			attributes = {
				BuildIndependentTargetsInParallel = 1;
				LastSwiftUpdateCheck = 1500;
				LastUpgradeCheck = 1500;
				TargetAttributes = {
					FA6E74F42AE476140012B2EE = {
						CreatedOnToolsVersion = 15.0;
					};
				};
			};
			buildConfigurationList = FA6E74F02AE476140012B2EE /* Build configuration list for PBXProject "StockApp" */;
			compatibilityVersion = "Xcode 14.0";
			developmentRegion = en;
			hasScannedForEncodings = 0;
			knownRegions = (
				en,
				Base,
			);
			mainGroup = FA6E74EC2AE476140012B2EE;
			productRefGroup = FA6E74F62AE476140012B2EE /* Products */;
			projectDirPath = "";
			projectRoot = "";
			targets = (
				FA6E74F42AE476140012B2EE /* StockApp */,
			);
		};
/* End PBXProject section */

/* Begin PBXResourcesBuildPhase section */
		FA6E74F32AE476140012B2EE /* Resources */ = {
			isa = PBXResourcesBuildPhase;
			buildActionMask = 2147483647;
			files = (
				FA6E75052AE476160012B2EE /* LaunchScreen.storyboard in Resources */,
				FA6E75022AE476160012B2EE /* Assets.xcassets in Resources */,
				FA6E75002AE476140012B2EE /* Main.storyboard in Resources */,
			);
			runOnlyForDeploymentPostprocessing = 0;
		};
/* End PBXResourcesBuildPhase section */

/* Begin PBXShellScriptBuildPhase section */
		380E02867333838E6D0261E6 /* [CP] Check Pods Manifest.lock */ = {
			isa = PBXShellScriptBuildPhase;
			buildActionMask = 2147483647;
			files = (
			);
			inputFileListPaths = (
			);
			inputPaths = (
				"${PODS_PODFILE_DIR_PATH}/Podfile.lock",
				"${PODS_ROOT}/Manifest.lock",
			);
			name = "[CP] Check Pods Manifest.lock";
			outputFileListPaths = (
			);
			outputPaths = (
				"$(DERIVED_FILE_DIR)/Pods-StockApp-checkManifestLockResult.txt",
			);
			runOnlyForDeploymentPostprocessing = 0;
			shellPath = /bin/sh;
			shellScript = "diff \"${PODS_PODFILE_DIR_PATH}/Podfile.lock\" \"${PODS_ROOT}/Manifest.lock\" > /dev/null\nif [ $? != 0 ] ; then\n    # print error to STDERR\n    echo \"error: The sandbox is not in sync with the Podfile.lock. Run 'pod install' or update your CocoaPods installation.\" >&2\n    exit 1\nfi\n# This output is used by Xcode 'outputs' to avoid re-running this script phase.\necho \"SUCCESS\" > \"${SCRIPT_OUTPUT_FILE_0}\"\n";
			showEnvVarsInLog = 0;
		};
		ECD4C5C670BBC3D0C08DDB16 /* [CP] Embed Pods Frameworks */ = {
			isa = PBXShellScriptBuildPhase;
			buildActionMask = 2147483647;
			files = (
			);
			inputFileListPaths = (
				"${PODS_ROOT}/Target Support Files/Pods-StockApp/Pods-StockApp-frameworks-${CONFIGURATION}-input-files.xcfilelist",
			);
			name = "[CP] Embed Pods Frameworks";
			outputFileListPaths = (
				"${PODS_ROOT}/Target Support Files/Pods-StockApp/Pods-StockApp-frameworks-${CONFIGURATION}-output-files.xcfilelist",
			);
			runOnlyForDeploymentPostprocessing = 0;
			shellPath = /bin/sh;
			shellScript = "\"${PODS_ROOT}/Target Support Files/Pods-StockApp/Pods-StockApp-frameworks.sh\"\n";
			showEnvVarsInLog = 0;
		};
/* End PBXShellScriptBuildPhase section */

/* Begin PBXSourcesBuildPhase section */
		FA6E74F12AE476140012B2EE /* Sources */ = {
			isa = PBXSourcesBuildPhase;
			buildActionMask = 2147483647;
			files = (
				FA6E75102AE493580012B2EE /* Constants.swift in Sources */,
				FA6E74FD2AE476140012B2EE /* ViewController.swift in Sources */,
				FA8AA1C32AEDD4C50067278E /* StockQuoteShort.swift in Sources */,
				FA6E74F92AE476140012B2EE /* AppDelegate.swift in Sources */,
				FA6E74FB2AE476140012B2EE /* SceneDelegate.swift in Sources */,
				FA8AA1C12AEDCE690067278E /* StockAppNetworking.swift in Sources */,
				FA6E750D2AE48D6E0012B2EE /* AddStockViewController.swift in Sources */,
				FA8AA1BD2AEDB6130067278E /* StockClass.swift in Sources */,
			);
			runOnlyForDeploymentPostprocessing = 0;
		};
/* End PBXSourcesBuildPhase section */

/* Begin PBXVariantGroup section */
		FA6E74FE2AE476140012B2EE /* Main.storyboard */ = {
			isa = PBXVariantGroup;
			children = (
				FA6E74FF2AE476140012B2EE /* Base */,
			);
			name = Main.storyboard;
			sourceTree = "<group>";
		};
		FA6E75032AE476160012B2EE /* LaunchScreen.storyboard */ = {
			isa = PBXVariantGroup;
			children = (
				FA6E75042AE476160012B2EE /* Base */,
			);
			name = LaunchScreen.storyboard;
			sourceTree = "<group>";
		};
/* End PBXVariantGroup section */

/* Begin XCBuildConfiguration section */
		FA6E75072AE476160012B2EE /* Debug */ = {
			isa = XCBuildConfiguration;
			buildSettings = {
				ALWAYS_SEARCH_USER_PATHS = NO;
				ASSETCATALOG_COMPILER_GENERATE_SWIFT_ASSET_SYMBOL_EXTENSIONS = YES;
				CLANG_ANALYZER_NONNULL = YES;
				CLANG_ANALYZER_NUMBER_OBJECT_CONVERSION = YES_AGGRESSIVE;
				CLANG_CXX_LANGUAGE_STANDARD = "gnu++20";
				CLANG_ENABLE_MODULES = YES;
				CLANG_ENABLE_OBJC_ARC = YES;
				CLANG_ENABLE_OBJC_WEAK = YES;
				CLANG_WARN_BLOCK_CAPTURE_AUTORELEASING = YES;
				CLANG_WARN_BOOL_CONVERSION = YES;
				CLANG_WARN_COMMA = YES;
				CLANG_WARN_CONSTANT_CONVERSION = YES;
				CLANG_WARN_DEPRECATED_OBJC_IMPLEMENTATIONS = YES;
				CLANG_WARN_DIRECT_OBJC_ISA_USAGE = YES_ERROR;
				CLANG_WARN_DOCUMENTATION_COMMENTS = YES;
				CLANG_WARN_EMPTY_BODY = YES;
				CLANG_WARN_ENUM_CONVERSION = YES;
				CLANG_WARN_INFINITE_RECURSION = YES;
				CLANG_WARN_INT_CONVERSION = YES;
				CLANG_WARN_NON_LITERAL_NULL_CONVERSION = YES;
				CLANG_WARN_OBJC_IMPLICIT_RETAIN_SELF = YES;
				CLANG_WARN_OBJC_LITERAL_CONVERSION = YES;
				CLANG_WARN_OBJC_ROOT_CLASS = YES_ERROR;
				CLANG_WARN_QUOTED_INCLUDE_IN_FRAMEWORK_HEADER = YES;
				CLANG_WARN_RANGE_LOOP_ANALYSIS = YES;
				CLANG_WARN_STRICT_PROTOTYPES = YES;
				CLANG_WARN_SUSPICIOUS_MOVE = YES;
				CLANG_WARN_UNGUARDED_AVAILABILITY = YES_AGGRESSIVE;
				CLANG_WARN_UNREACHABLE_CODE = YES;
				CLANG_WARN__DUPLICATE_METHOD_MATCH = YES;
				COPY_PHASE_STRIP = NO;
				DEBUG_INFORMATION_FORMAT = dwarf;
				ENABLE_STRICT_OBJC_MSGSEND = YES;
				ENABLE_TESTABILITY = YES;
				ENABLE_USER_SCRIPT_SANDBOXING = YES;
				GCC_C_LANGUAGE_STANDARD = gnu17;
				GCC_DYNAMIC_NO_PIC = NO;
				GCC_NO_COMMON_BLOCKS = YES;
				GCC_OPTIMIZATION_LEVEL = 0;
				GCC_PREPROCESSOR_DEFINITIONS = (
					"DEBUG=1",
					"$(inherited)",
				);
				GCC_WARN_64_TO_32_BIT_CONVERSION = YES;
				GCC_WARN_ABOUT_RETURN_TYPE = YES_ERROR;
				GCC_WARN_UNDECLARED_SELECTOR = YES;
				GCC_WARN_UNINITIALIZED_AUTOS = YES_AGGRESSIVE;
				GCC_WARN_UNUSED_FUNCTION = YES;
				GCC_WARN_UNUSED_VARIABLE = YES;
				IPHONEOS_DEPLOYMENT_TARGET = 17.0;
				LOCALIZATION_PREFERS_STRING_CATALOGS = YES;
				MTL_ENABLE_DEBUG_INFO = INCLUDE_SOURCE;
				MTL_FAST_MATH = YES;
				ONLY_ACTIVE_ARCH = YES;
				SDKROOT = iphoneos;
				SWIFT_ACTIVE_COMPILATION_CONDITIONS = "DEBUG $(inherited)";
				SWIFT_OPTIMIZATION_LEVEL = "-Onone";
			};
			name = Debug;
		};
		FA6E75082AE476160012B2EE /* Release */ = {
			isa = XCBuildConfiguration;
			buildSettings = {
				ALWAYS_SEARCH_USER_PATHS = NO;
				ASSETCATALOG_COMPILER_GENERATE_SWIFT_ASSET_SYMBOL_EXTENSIONS = YES;
				CLANG_ANALYZER_NONNULL = YES;
				CLANG_ANALYZER_NUMBER_OBJECT_CONVERSION = YES_AGGRESSIVE;
				CLANG_CXX_LANGUAGE_STANDARD = "gnu++20";
				CLANG_ENABLE_MODULES = YES;
				CLANG_ENABLE_OBJC_ARC = YES;
				CLANG_ENABLE_OBJC_WEAK = YES;
				CLANG_WARN_BLOCK_CAPTURE_AUTORELEASING = YES;
				CLANG_WARN_BOOL_CONVERSION = YES;
				CLANG_WARN_COMMA = YES;
				CLANG_WARN_CONSTANT_CONVERSION = YES;
				CLANG_WARN_DEPRECATED_OBJC_IMPLEMENTATIONS = YES;
				CLANG_WARN_DIRECT_OBJC_ISA_USAGE = YES_ERROR;
				CLANG_WARN_DOCUMENTATION_COMMENTS = YES;
				CLANG_WARN_EMPTY_BODY = YES;
				CLANG_WARN_ENUM_CONVERSION = YES;
				CLANG_WARN_INFINITE_RECURSION = YES;
				CLANG_WARN_INT_CONVERSION = YES;
				CLANG_WARN_NON_LITERAL_NULL_CONVERSION = YES;
				CLANG_WARN_OBJC_IMPLICIT_RETAIN_SELF = YES;
				CLANG_WARN_OBJC_LITERAL_CONVERSION = YES;
				CLANG_WARN_OBJC_ROOT_CLASS = YES_ERROR;
				CLANG_WARN_QUOTED_INCLUDE_IN_FRAMEWORK_HEADER = YES;
				CLANG_WARN_RANGE_LOOP_ANALYSIS = YES;
				CLANG_WARN_STRICT_PROTOTYPES = YES;
				CLANG_WARN_SUSPICIOUS_MOVE = YES;
				CLANG_WARN_UNGUARDED_AVAILABILITY = YES_AGGRESSIVE;
				CLANG_WARN_UNREACHABLE_CODE = YES;
				CLANG_WARN__DUPLICATE_METHOD_MATCH = YES;
				COPY_PHASE_STRIP = NO;
				DEBUG_INFORMATION_FORMAT = "dwarf-with-dsym";
				ENABLE_NS_ASSERTIONS = NO;
				ENABLE_STRICT_OBJC_MSGSEND = YES;
				ENABLE_USER_SCRIPT_SANDBOXING = YES;
				GCC_C_LANGUAGE_STANDARD = gnu17;
				GCC_NO_COMMON_BLOCKS = YES;
				GCC_WARN_64_TO_32_BIT_CONVERSION = YES;
				GCC_WARN_ABOUT_RETURN_TYPE = YES_ERROR;
				GCC_WARN_UNDECLARED_SELECTOR = YES;
				GCC_WARN_UNINITIALIZED_AUTOS = YES_AGGRESSIVE;
				GCC_WARN_UNUSED_FUNCTION = YES;
				GCC_WARN_UNUSED_VARIABLE = YES;
				IPHONEOS_DEPLOYMENT_TARGET = 17.0;
				LOCALIZATION_PREFERS_STRING_CATALOGS = YES;
				MTL_ENABLE_DEBUG_INFO = NO;
				MTL_FAST_MATH = YES;
				SDKROOT = iphoneos;
				SWIFT_COMPILATION_MODE = wholemodule;
				VALIDATE_PRODUCT = YES;
			};
			name = Release;
		};
		FA6E750A2AE476160012B2EE /* Debug */ = {
			isa = XCBuildConfiguration;
			baseConfigurationReference = 5016C830AF90238FF9A0B833 /* Pods-StockApp.debug.xcconfig */;
			buildSettings = {
				ASSETCATALOG_COMPILER_APPICON_NAME = AppIcon;
				ASSETCATALOG_COMPILER_GLOBAL_ACCENT_COLOR_NAME = AccentColor;
				CODE_SIGN_STYLE = Automatic;
				CURRENT_PROJECT_VERSION = 1;
				ENABLE_USER_SCRIPT_SANDBOXING = NO;
				GENERATE_INFOPLIST_FILE = YES;
				INFOPLIST_FILE = StockApp/Info.plist;
				INFOPLIST_KEY_UIApplicationSupportsIndirectInputEvents = YES;
				INFOPLIST_KEY_UILaunchStoryboardName = LaunchScreen;
				INFOPLIST_KEY_UIMainStoryboardFile = Main;
				INFOPLIST_KEY_UISupportedInterfaceOrientations_iPad = "UIInterfaceOrientationPortrait UIInterfaceOrientationPortraitUpsideDown UIInterfaceOrientationLandscapeLeft UIInterfaceOrientationLandscapeRight";
				INFOPLIST_KEY_UISupportedInterfaceOrientations_iPhone = "UIInterfaceOrientationPortrait UIInterfaceOrientationLandscapeLeft UIInterfaceOrientationLandscapeRight";
				LD_RUNPATH_SEARCH_PATHS = (
					"$(inherited)",
					"@executable_path/Frameworks",
				);
				MARKETING_VERSION = 1.0;
				PRODUCT_BUNDLE_IDENTIFIER = edu.northeastern.jianhua.StockApp;
				PRODUCT_NAME = "$(TARGET_NAME)";
				SWIFT_EMIT_LOC_STRINGS = YES;
				SWIFT_VERSION = 5.0;
				TARGETED_DEVICE_FAMILY = "1,2";
			};
			name = Debug;
		};
		FA6E750B2AE476160012B2EE /* Release */ = {
			isa = XCBuildConfiguration;
			baseConfigurationReference = 1966B4DD1A9D0A7F5316B150 /* Pods-StockApp.release.xcconfig */;
			buildSettings = {
				ASSETCATALOG_COMPILER_APPICON_NAME = AppIcon;
				ASSETCATALOG_COMPILER_GLOBAL_ACCENT_COLOR_NAME = AccentColor;
				CODE_SIGN_STYLE = Automatic;
				CURRENT_PROJECT_VERSION = 1;
				ENABLE_USER_SCRIPT_SANDBOXING = NO;
				GENERATE_INFOPLIST_FILE = YES;
				INFOPLIST_FILE = StockApp/Info.plist;
				INFOPLIST_KEY_UIApplicationSupportsIndirectInputEvents = YES;
				INFOPLIST_KEY_UILaunchStoryboardName = LaunchScreen;
				INFOPLIST_KEY_UIMainStoryboardFile = Main;
				INFOPLIST_KEY_UISupportedInterfaceOrientations_iPad = "UIInterfaceOrientationPortrait UIInterfaceOrientationPortraitUpsideDown UIInterfaceOrientationLandscapeLeft UIInterfaceOrientationLandscapeRight";
				INFOPLIST_KEY_UISupportedInterfaceOrientations_iPhone = "UIInterfaceOrientationPortrait UIInterfaceOrientationLandscapeLeft UIInterfaceOrientationLandscapeRight";
				LD_RUNPATH_SEARCH_PATHS = (
					"$(inherited)",
					"@executable_path/Frameworks",
				);
				MARKETING_VERSION = 1.0;
				PRODUCT_BUNDLE_IDENTIFIER = edu.northeastern.jianhua.StockApp;
				PRODUCT_NAME = "$(TARGET_NAME)";
				SWIFT_EMIT_LOC_STRINGS = YES;
				SWIFT_VERSION = 5.0;
				TARGETED_DEVICE_FAMILY = "1,2";
			};
			name = Release;
		};
/* End XCBuildConfiguration section */

/* Begin XCConfigurationList section */
		FA6E74F02AE476140012B2EE /* Build configuration list for PBXProject "StockApp" */ = {
			isa = XCConfigurationList;
			buildConfigurations = (
				FA6E75072AE476160012B2EE /* Debug */,
				FA6E75082AE476160012B2EE /* Release */,
			);
			defaultConfigurationIsVisible = 0;
			defaultConfigurationName = Release;
		};
		FA6E75092AE476160012B2EE /* Build configuration list for PBXNativeTarget "StockApp" */ = {
			isa = XCConfigurationList;
			buildConfigurations = (
				FA6E750A2AE476160012B2EE /* Debug */,
				FA6E750B2AE476160012B2EE /* Release */,
			);
			defaultConfigurationIsVisible = 0;
			defaultConfigurationName = Release;
		};
/* End XCConfigurationList section */
	};
	rootObject = FA6E74ED2AE476140012B2EE /* Project object */;
}
